
Microsoft Visual Studio Solution File, Format Version 12.00
# Visual Studio Version 17
VisualStudioVersion = 17.2.32616.157
MinimumVisualStudioVersion = 10.0.40219.1
Project("{9A19103F-16F7-4668-BE54-9A1E7A4F7556}") = "ItauRenegociacao.Domain", "ItauRenegociacao.Domain\ItauRenegociacao.Domain.csproj", "{A0E05DE8-F693-4863-A975-84232C6DDB5D}"
EndProject
Project("{9A19103F-16F7-4668-BE54-9A1E7A4F7556}") = "ItauRenegociacao.Repository", "ItauRenegociacao.Repository\ItauRenegociacao.Repository.csproj", "{D6B682F6-6397-4814-9CBA-350C7F5B3A87}"
EndProject
Project("{9A19103F-16F7-4668-BE54-9A1E7A4F7556}") = "ItauRenegociacao.Service", "ItauRenegociacao.Service\ItauRenegociacao.Service.csproj", "{6B77AFE6-D997-4A8A-9F9C-2114A9E3CFB2}"
EndProject
Project("{9A19103F-16F7-4668-BE54-9A1E7A4F7556}") = "ItauRenegociacao.API", "ItauRenegociacao.API\ItauRenegociacao.API.csproj", "{61CCF241-C6BE-4284-A188-5A7BD3BC9ACD}"
EndProject
Global
	GlobalSection(SolutionConfigurationPlatforms) = preSolution
		Debug|Any CPU = Debug|Any CPU
		Release|Any CPU = Release|Any CPU
	EndGlobalSection
	GlobalSection(ProjectConfigurationPlatforms) = postSolution
		{A0E05DE8-F693-4863-A975-84232C6DDB5D}.Debug|Any CPU.ActiveCfg = Debug|Any CPU
		{A0E05DE8-F693-4863-A975-84232C6DDB5D}.Debug|Any CPU.Build.0 = Debug|Any CPU
		{A0E05DE8-F693-4863-A975-84232C6DDB5D}.Release|Any CPU.ActiveCfg = Release|Any CPU
		{A0E05DE8-F693-4863-A975-84232C6DDB5D}.Release|Any CPU.Build.0 = Release|Any CPU
		{D6B682F6-6397-4814-9CBA-350C7F5B3A87}.Debug|Any CPU.ActiveCfg = Debug|Any CPU
		{D6B682F6-6397-4814-9CBA-350C7F5B3A87}.Debug|Any CPU.Build.0 = Debug|Any CPU
		{D6B682F6-6397-4814-9CBA-350C7F5B3A87}.Release|Any CPU.ActiveCfg = Release|Any CPU
		{D6B682F6-6397-4814-9CBA-350C7F5B3A87}.Release|Any CPU.Build.0 = Release|Any CPU
		{6B77AFE6-D997-4A8A-9F9C-2114A9E3CFB2}.Debug|Any CPU.ActiveCfg = Debug|Any CPU
		{6B77AFE6-D997-4A8A-9F9C-2114A9E3CFB2}.Debug|Any CPU.Build.0 = Debug|Any CPU
		{6B77AFE6-D997-4A8A-9F9C-2114A9E3CFB2}.Release|Any CPU.ActiveCfg = Release|Any CPU
		{6B77AFE6-D997-4A8A-9F9C-2114A9E3CFB2}.Release|Any CPU.Build.0 = Release|Any CPU
		{61CCF241-C6BE-4284-A188-5A7BD3BC9ACD}.Debug|Any CPU.ActiveCfg = Debug|Any CPU
		{61CCF241-C6BE-4284-A188-5A7BD3BC9ACD}.Debug|Any CPU.Build.0 = Debug|Any CPU
		{61CCF241-C6BE-4284-A188-5A7BD3BC9ACD}.Release|Any CPU.ActiveCfg = Release|Any CPU
		{61CCF241-C6BE-4284-A188-5A7BD3BC9ACD}.Release|Any CPU.Build.0 = Release|Any CPU
	EndGlobalSection
	GlobalSection(SolutionProperties) = preSolution
		HideSolutionNode = FALSE
	EndGlobalSection
	GlobalSection(ExtensibilityGlobals) = postSolution
		SolutionGuid = {81CEC538-290B-4493-B49D-2196F684BE74}
	EndGlobalSection
EndGlobal
